# THIS IS AN AUTOGENERATED FILE. DO NOT EDIT THIS FILE DIRECTLY.
# yarn lockfile v1


string-similarity@^4.0.2:
  version "4.0.2"
  resolved "https://registry.yarnpkg.com/string-similarity/-/string-similarity-4.0.2.tgz#1dc29518d0e92e50509499ce2974368f77bbb1b1"
  integrity sha512-eCsPPyoQBgY4TMpVD6DVfO7pLrimUONriaO4Xjp3WPUW0YnNLqdHgRj23xotLlqrL90eJhBeq3zdAJf2mQgfBQ==
